{
  "name": "ai-chat-python",
  "lockfileVersion": 3,
  "requires": true,
  "packages": {
    "": {
      "dependencies": {
        "dotenv": "^17.4.2",
        "groq": "^5.24.0"
      }
    },
    "node_modules/dotenv": {
      "version": "17.4.2",
      "resolved": "https://registry.npmjs.org/dotenv/-/dotenv-17.4.2.tgz",
      "integrity": "sha512-nI4U3TottKAcAD9LLud4Cb7b2QztQMUEfHbvhTH09bqXTxnSie8WnjPALV/WMCrJZ6UV/qHJ6L03OqO3LcdYZw==",
      "license": "BSD-2-Clause",
      "engines": {
        "node": ">=12"
      },
      "funding": {
        "url": "https://dotenvx.com"
      }
    },
    "node_modules/groq": {
      "version": "5.24.0",
      "resolved": "https://registry.npmjs.org/groq/-/groq-5.24.0.tgz",
      "integrity": "sha512-YMumFhEJjROiE4czCBMbno/xbQSz/phlosTJhGM/gJg7ZiR/dqAhx5nfUUt0p7ytiRokyEFc/sHT4xKIPo6HJA==",
      "license": "MIT",
      "engines": {
        "node": ">=20.19 <22 || >=22.12"
      }
    }
  }
}
